{
  "name": "rollup-plugin-jsy-lite",
  "version": "1.7.2",
  "lockfileVersion": 2,
  "requires": true,
  "dev": true,
  "packages": {
    "": {
      "version": "1.7.2",
      "dev": true,
      "license": "MIT",
      "devDependencies": {
        "@rollup/plugin-node-resolve": "^10.0.0",
        "jsy-transpile": "^0.9.4",
        "rollup": "^2.33.2",
        "rollup-plugin-jsy-lite": "file:."
      }
    }
  }
}
